<?xml version="1.0" encoding="utf-8"?>
<Project ToolsVersion="4.0" xmlns="http://schemas.microsoft.com/developer/msbuild/2003">
  <ItemGroup>
    <ClCompile Include="main.cpp" />
    <ClCompile Include="ParentWindow.cpp" />
    <ClCompile Include="ParentWindow_moc.cpp" />
  </ItemGroup>
  <ItemGroup>
    <ClInclude Include="ParentWindow.h" />
  </ItemGroup>
  <ItemGroup>
    <Filter Include="Shaders">
      <UniqueIdentifier>{ab77b257-b3f3-4eaa-b78e-1fd33012daf8}</UniqueIdentifier>
    </Filter>
  </ItemGroup>
  <ItemGroup>
    <None Include="shader_frag1.sh">
      <Filter>Shaders</Filter>
    </None>
    <None Include="shader_frag2.sh">
      <Filter>Shaders</Filter>
    </None>
    <None Include="shader_vertex1.sh">
      <Filter>Shaders</Filter>
    </None>
    <None Include="shader_vertex2.sh">
      <Filter>Shaders</Filter>
    </None>
  </ItemGroup>
</Project>