
Microsoft Visual Studio Solution File, Format Version 11.00
# Visual Studio 2010
Project("{8BC9CEB8-8B4A-11D0-8D11-00A0C91BC942}") = "Lab 12 MayaLoader", "Lab 12 MayaLoader.vcxproj", "{948F4EE0-2CD7-4CF5-A04E-1BB8C8719C83}"
EndProject
Global
	GlobalSection(SolutionConfigurationPlatforms) = preSolution
		Debug|Win32 = Debug|Win32
		Release|Win32 = Release|Win32
	EndGlobalSection
	GlobalSection(ProjectConfigurationPlatforms) = postSolution
		{948F4EE0-2CD7-4CF5-A04E-1BB8C8719C83}.Debug|Win32.ActiveCfg = Debug|Win32
		{948F4EE0-2CD7-4CF5-A04E-1BB8C8719C83}.Debug|Win32.Build.0 = Debug|Win32
		{948F4EE0-2CD7-4CF5-A04E-1BB8C8719C83}.Release|Win32.ActiveCfg = Release|Win32
		{948F4EE0-2CD7-4CF5-A04E-1BB8C8719C83}.Release|Win32.Build.0 = Release|Win32
	EndGlobalSection
	GlobalSection(SolutionProperties) = preSolution
		HideSolutionNode = FALSE
	EndGlobalSection
EndGlobal
