<?xml version="1.0" encoding="utf-8"?>
<Project ToolsVersion="4.0" xmlns="http://schemas.microsoft.com/developer/msbuild/2003">
  <ItemGroup>
    <ClCompile Include="MyMain.cpp" />
    <ClCompile Include="MyGLWindow.cpp" />
    <ClCompile Include="MyMainWindow.cpp" />
    <ClCompile Include="MyMainWindow_moc.cpp" />
  </ItemGroup>
  <ItemGroup>
    <ClInclude Include="MyGLWindow.h" />
    <ClInclude Include="MyMainWindow.h" />
  </ItemGroup>
  <ItemGroup>
    <None Include="ShaderCode.inl" />
    <None Include="MyFragmentShader.sh" />
    <None Include="MyVertexShader.sh" />
    <None Include="SimpleVertexShader.sh" />
    <None Include="FragShader_2.sh" />
    <None Include="VertexShader_2.sh" />
  </ItemGroup>
</Project>